
Microsoft Visual Studio Solution File, Format Version 12.00
# Visual Studio 15
VisualStudioVersion = 15.0.25914.0
MinimumVisualStudioVersion = 10.0.40219.1
Project("{FAE04EC0-301F-11D3-BF4B-00C04F79EFBC}") = "MD5Helper", "MD5Helper\MD5Helper.csproj", "{5D010898-BE51-4E79-BE8D-681DE5E37B58}"
EndProject
Project("{6141683F-8A12-4E36-9623-2EB02B2C2303}") = "MD5HelperInstaller", "MD5HelperInstaller\MD5HelperInstaller.isproj", "{275F30DC-A17E-40F5-809D-25510734FAFB}"
	ProjectSection(ProjectDependencies) = postProject
		{5D010898-BE51-4E79-BE8D-681DE5E37B58} = {5D010898-BE51-4E79-BE8D-681DE5E37B58}
	EndProjectSection
EndProject
Project("{FAE04EC0-301F-11D3-BF4B-00C04F79EFBC}") = "HashCalculator.Core", "HashCalculator.Core\HashCalculator.Core.csproj", "{A9DE110B-41B4-4DB9-B765-0D698C8FF91A}"
EndProject
Global
	GlobalSection(SolutionConfigurationPlatforms) = preSolution
		CD_ROM|Any CPU = CD_ROM|Any CPU
		CD_ROM|x86 = CD_ROM|x86
		Debug|Any CPU = Debug|Any CPU
		Debug|x86 = Debug|x86
		DVD-5|Any CPU = DVD-5|Any CPU
		DVD-5|x86 = DVD-5|x86
		Release|Any CPU = Release|Any CPU
		Release|x86 = Release|x86
		SingleImage|Any CPU = SingleImage|Any CPU
		SingleImage|x86 = SingleImage|x86
	EndGlobalSection
	GlobalSection(ProjectConfigurationPlatforms) = postSolution
		{5D010898-BE51-4E79-BE8D-681DE5E37B58}.CD_ROM|Any CPU.ActiveCfg = Debug|x86
		{5D010898-BE51-4E79-BE8D-681DE5E37B58}.CD_ROM|Any CPU.Build.0 = Debug|x86
		{5D010898-BE51-4E79-BE8D-681DE5E37B58}.CD_ROM|x86.ActiveCfg = Release|x86
		{5D010898-BE51-4E79-BE8D-681DE5E37B58}.CD_ROM|x86.Build.0 = Release|x86
		{5D010898-BE51-4E79-BE8D-681DE5E37B58}.Debug|Any CPU.ActiveCfg = Debug|x86
		{5D010898-BE51-4E79-BE8D-681DE5E37B58}.Debug|x86.ActiveCfg = Debug|x86
		{5D010898-BE51-4E79-BE8D-681DE5E37B58}.Debug|x86.Build.0 = Debug|x86
		{5D010898-BE51-4E79-BE8D-681DE5E37B58}.DVD-5|Any CPU.ActiveCfg = Debug|x86
		{5D010898-BE51-4E79-BE8D-681DE5E37B58}.DVD-5|Any CPU.Build.0 = Debug|x86
		{5D010898-BE51-4E79-BE8D-681DE5E37B58}.DVD-5|x86.ActiveCfg = Debug|x86
		{5D010898-BE51-4E79-BE8D-681DE5E37B58}.DVD-5|x86.Build.0 = Debug|x86
		{5D010898-BE51-4E79-BE8D-681DE5E37B58}.Release|Any CPU.ActiveCfg = Release|x86
		{5D010898-BE51-4E79-BE8D-681DE5E37B58}.Release|x86.ActiveCfg = Release|x86
		{5D010898-BE51-4E79-BE8D-681DE5E37B58}.Release|x86.Build.0 = Release|x86
		{5D010898-BE51-4E79-BE8D-681DE5E37B58}.SingleImage|Any CPU.ActiveCfg = Debug|x86
		{5D010898-BE51-4E79-BE8D-681DE5E37B58}.SingleImage|Any CPU.Build.0 = Debug|x86
		{5D010898-BE51-4E79-BE8D-681DE5E37B58}.SingleImage|x86.ActiveCfg = Release|x86
		{5D010898-BE51-4E79-BE8D-681DE5E37B58}.SingleImage|x86.Build.0 = Release|x86
		{275F30DC-A17E-40F5-809D-25510734FAFB}.CD_ROM|Any CPU.ActiveCfg = CD_ROM
		{275F30DC-A17E-40F5-809D-25510734FAFB}.CD_ROM|x86.ActiveCfg = CD_ROM
		{275F30DC-A17E-40F5-809D-25510734FAFB}.CD_ROM|x86.Build.0 = CD_ROM
		{275F30DC-A17E-40F5-809D-25510734FAFB}.Debug|Any CPU.ActiveCfg = DVD-5
		{275F30DC-A17E-40F5-809D-25510734FAFB}.Debug|x86.ActiveCfg = DVD-5
		{275F30DC-A17E-40F5-809D-25510734FAFB}.Debug|x86.Build.0 = DVD-5
		{275F30DC-A17E-40F5-809D-25510734FAFB}.DVD-5|Any CPU.ActiveCfg = DVD-5
		{275F30DC-A17E-40F5-809D-25510734FAFB}.DVD-5|x86.ActiveCfg = DVD-5
		{275F30DC-A17E-40F5-809D-25510734FAFB}.DVD-5|x86.Build.0 = DVD-5
		{275F30DC-A17E-40F5-809D-25510734FAFB}.Release|Any CPU.ActiveCfg = SingleImage
		{275F30DC-A17E-40F5-809D-25510734FAFB}.Release|x86.ActiveCfg = SingleImage
		{275F30DC-A17E-40F5-809D-25510734FAFB}.Release|x86.Build.0 = SingleImage
		{275F30DC-A17E-40F5-809D-25510734FAFB}.SingleImage|Any CPU.ActiveCfg = SingleImage
		{275F30DC-A17E-40F5-809D-25510734FAFB}.SingleImage|x86.ActiveCfg = SingleImage
		{275F30DC-A17E-40F5-809D-25510734FAFB}.SingleImage|x86.Build.0 = SingleImage
		{A9DE110B-41B4-4DB9-B765-0D698C8FF91A}.CD_ROM|Any CPU.ActiveCfg = Release|Any CPU
		{A9DE110B-41B4-4DB9-B765-0D698C8FF91A}.CD_ROM|Any CPU.Build.0 = Release|Any CPU
		{A9DE110B-41B4-4DB9-B765-0D698C8FF91A}.CD_ROM|x86.ActiveCfg = Release|Any CPU
		{A9DE110B-41B4-4DB9-B765-0D698C8FF91A}.CD_ROM|x86.Build.0 = Release|Any CPU
		{A9DE110B-41B4-4DB9-B765-0D698C8FF91A}.Debug|Any CPU.ActiveCfg = Debug|Any CPU
		{A9DE110B-41B4-4DB9-B765-0D698C8FF91A}.Debug|Any CPU.Build.0 = Debug|Any CPU
		{A9DE110B-41B4-4DB9-B765-0D698C8FF91A}.Debug|x86.ActiveCfg = Debug|Any CPU
		{A9DE110B-41B4-4DB9-B765-0D698C8FF91A}.Debug|x86.Build.0 = Debug|Any CPU
		{A9DE110B-41B4-4DB9-B765-0D698C8FF91A}.DVD-5|Any CPU.ActiveCfg = Debug|Any CPU
		{A9DE110B-41B4-4DB9-B765-0D698C8FF91A}.DVD-5|Any CPU.Build.0 = Debug|Any CPU
		{A9DE110B-41B4-4DB9-B765-0D698C8FF91A}.DVD-5|x86.ActiveCfg = Debug|Any CPU
		{A9DE110B-41B4-4DB9-B765-0D698C8FF91A}.DVD-5|x86.Build.0 = Debug|Any CPU
		{A9DE110B-41B4-4DB9-B765-0D698C8FF91A}.Release|Any CPU.ActiveCfg = Release|Any CPU
		{A9DE110B-41B4-4DB9-B765-0D698C8FF91A}.Release|Any CPU.Build.0 = Release|Any CPU
		{A9DE110B-41B4-4DB9-B765-0D698C8FF91A}.Release|x86.ActiveCfg = Release|Any CPU
		{A9DE110B-41B4-4DB9-B765-0D698C8FF91A}.Release|x86.Build.0 = Release|Any CPU
		{A9DE110B-41B4-4DB9-B765-0D698C8FF91A}.SingleImage|Any CPU.ActiveCfg = Release|Any CPU
		{A9DE110B-41B4-4DB9-B765-0D698C8FF91A}.SingleImage|Any CPU.Build.0 = Release|Any CPU
		{A9DE110B-41B4-4DB9-B765-0D698C8FF91A}.SingleImage|x86.ActiveCfg = Release|Any CPU
		{A9DE110B-41B4-4DB9-B765-0D698C8FF91A}.SingleImage|x86.Build.0 = Release|Any CPU
	EndGlobalSection
	GlobalSection(SolutionProperties) = preSolution
		HideSolutionNode = FALSE
	EndGlobalSection
EndGlobal
